
Microsoft Visual Studio Solution File, Format Version 12.00
# Visual Studio Version 16
VisualStudioVersion = 16.0.29509.3
MinimumVisualStudioVersion = 10.0.40219.1
Project("{FAE04EC0-301F-11D3-BF4B-00C04F79EFBC}") = "Exercicio_01", "Exercicio_01.csproj", "{3D7D4CA6-B53A-41A5-9B52-87D2469FBF4C}"
EndProject
Project("{FAE04EC0-301F-11D3-BF4B-00C04F79EFBC}") = "Exercicio_02", "..\Exercicio_02\Exercicio_02.csproj", "{886B6348-36A6-471A-AF25-2BD44CC75DDE}"
EndProject
Global
	GlobalSection(SolutionConfigurationPlatforms) = preSolution
		Debug|Any CPU = Debug|Any CPU
		Release|Any CPU = Release|Any CPU
	EndGlobalSection
	GlobalSection(ProjectConfigurationPlatforms) = postSolution
		{3D7D4CA6-B53A-41A5-9B52-87D2469FBF4C}.Debug|Any CPU.ActiveCfg = Debug|Any CPU
		{3D7D4CA6-B53A-41A5-9B52-87D2469FBF4C}.Debug|Any CPU.Build.0 = Debug|Any CPU
		{3D7D4CA6-B53A-41A5-9B52-87D2469FBF4C}.Release|Any CPU.ActiveCfg = Release|Any CPU
		{3D7D4CA6-B53A-41A5-9B52-87D2469FBF4C}.Release|Any CPU.Build.0 = Release|Any CPU
		{886B6348-36A6-471A-AF25-2BD44CC75DDE}.Debug|Any CPU.ActiveCfg = Debug|Any CPU
		{886B6348-36A6-471A-AF25-2BD44CC75DDE}.Debug|Any CPU.Build.0 = Debug|Any CPU
		{886B6348-36A6-471A-AF25-2BD44CC75DDE}.Release|Any CPU.ActiveCfg = Release|Any CPU
		{886B6348-36A6-471A-AF25-2BD44CC75DDE}.Release|Any CPU.Build.0 = Release|Any CPU
	EndGlobalSection
	GlobalSection(SolutionProperties) = preSolution
		HideSolutionNode = FALSE
	EndGlobalSection
	GlobalSection(ExtensibilityGlobals) = postSolution
		SolutionGuid = {E8C99FE9-8B56-428C-9809-F7553E8FD4D5}
	EndGlobalSection
EndGlobal
